
Microsoft Visual Studio Solution File, Format Version 12.00
# Visual Studio Version 17
VisualStudioVersion = 17.8.34525.116
MinimumVisualStudioVersion = 10.0.40219.1
Project("{FAE04EC0-301F-11D3-BF4B-00C04F79EFBC}") = "Proj", "Proj\Proj.csproj", "{028520B4-7808-433B-B74D-6863B1A378F2}"
EndProject
Global
	GlobalSection(SolutionConfigurationPlatforms) = preSolution
		Debug|Any CPU = Debug|Any CPU
		Release|Any CPU = Release|Any CPU
	EndGlobalSection
	GlobalSection(ProjectConfigurationPlatforms) = postSolution
		{028520B4-7808-433B-B74D-6863B1A378F2}.Debug|Any CPU.ActiveCfg = Debug|Any CPU
		{028520B4-7808-433B-B74D-6863B1A378F2}.Debug|Any CPU.Build.0 = Debug|Any CPU
		{028520B4-7808-433B-B74D-6863B1A378F2}.Debug|Any CPU.Deploy.0 = Debug|Any CPU
		{028520B4-7808-433B-B74D-6863B1A378F2}.Release|Any CPU.ActiveCfg = Release|Any CPU
		{028520B4-7808-433B-B74D-6863B1A378F2}.Release|Any CPU.Build.0 = Release|Any CPU
		{028520B4-7808-433B-B74D-6863B1A378F2}.Release|Any CPU.Deploy.0 = Release|Any CPU
	EndGlobalSection
	GlobalSection(SolutionProperties) = preSolution
		HideSolutionNode = FALSE
	EndGlobalSection
	GlobalSection(ExtensibilityGlobals) = postSolution
		SolutionGuid = {6D76CC44-9247-4988-BA39-192B4BE903DF}
	EndGlobalSection
EndGlobal
